
Microsoft Visual Studio Solution File, Format Version 12.00
Project("{FAE04EC0-301F-11D3-BF4B-00C04F79EFBC}") = "ApiClimaDio", "ApiClimaDio.csproj", "{44C7ABE0-0AA5-436A-AE28-7755FCF34CE7}"
EndProject
Project("{2150E333-8FDC-42A3-9474-1A3956D46DE8}") = "Solution Items", "Solution Items", "{C056ECE4-A5DB-4B39-9497-B15B720C1DFC}"
	ProjectSection(SolutionItems) = preProject
		compose.yaml = compose.yaml
	EndProjectSection
EndProject
Global
	GlobalSection(SolutionConfigurationPlatforms) = preSolution
		Debug|Any CPU = Debug|Any CPU
		Release|Any CPU = Release|Any CPU
	EndGlobalSection
	GlobalSection(ProjectConfigurationPlatforms) = postSolution
		{44C7ABE0-0AA5-436A-AE28-7755FCF34CE7}.Debug|Any CPU.ActiveCfg = Debug|Any CPU
		{44C7ABE0-0AA5-436A-AE28-7755FCF34CE7}.Debug|Any CPU.Build.0 = Debug|Any CPU
		{44C7ABE0-0AA5-436A-AE28-7755FCF34CE7}.Release|Any CPU.ActiveCfg = Release|Any CPU
		{44C7ABE0-0AA5-436A-AE28-7755FCF34CE7}.Release|Any CPU.Build.0 = Release|Any CPU
	EndGlobalSection
EndGlobal
